
Microsoft Visual Studio Solution File, Format Version 12.00
# Visual Studio 2013
VisualStudioVersion = 12.0.40629.0
MinimumVisualStudioVersion = 10.0.40219.1
Project("{FAE04EC0-301F-11D3-BF4B-00C04F79EFBC}") = "COMP123-S2016-Lesson1", "COMP123-S2016-Lesson1\COMP123-S2016-Lesson1.csproj", "{22260554-CBB0-48C4-A9A7-1A5CFD9C6226}"
EndProject
Project("{FAE04EC0-301F-11D3-BF4B-00C04F79EFBC}") = "HelloWorldTestProject", "HelloWorldTestProject\HelloWorldTestProject.csproj", "{19C64F18-6AA1-4BFA-920D-AC2E36087141}"
EndProject
Global
	GlobalSection(SolutionConfigurationPlatforms) = preSolution
		Debug|Any CPU = Debug|Any CPU
		Release|Any CPU = Release|Any CPU
	EndGlobalSection
	GlobalSection(ProjectConfigurationPlatforms) = postSolution
		{22260554-CBB0-48C4-A9A7-1A5CFD9C6226}.Debug|Any CPU.ActiveCfg = Debug|Any CPU
		{22260554-CBB0-48C4-A9A7-1A5CFD9C6226}.Debug|Any CPU.Build.0 = Debug|Any CPU
		{22260554-CBB0-48C4-A9A7-1A5CFD9C6226}.Release|Any CPU.ActiveCfg = Release|Any CPU
		{22260554-CBB0-48C4-A9A7-1A5CFD9C6226}.Release|Any CPU.Build.0 = Release|Any CPU
		{19C64F18-6AA1-4BFA-920D-AC2E36087141}.Debug|Any CPU.ActiveCfg = Debug|Any CPU
		{19C64F18-6AA1-4BFA-920D-AC2E36087141}.Debug|Any CPU.Build.0 = Debug|Any CPU
		{19C64F18-6AA1-4BFA-920D-AC2E36087141}.Release|Any CPU.ActiveCfg = Release|Any CPU
		{19C64F18-6AA1-4BFA-920D-AC2E36087141}.Release|Any CPU.Build.0 = Release|Any CPU
	EndGlobalSection
	GlobalSection(SolutionProperties) = preSolution
		HideSolutionNode = FALSE
	EndGlobalSection
EndGlobal
